// !$*UTF8*$!
{
	archiveVersion = 1;
	classes = {
	};
	objectVersion = 46;
	objects = {

/* Begin PBXBuildFile section */
		0F217D41183DBC77000ED7E9 /* UIKit.framework in Frameworks */ = {isa = PBXBuildFile; fileRef = 0F217D40183DBC77000ED7E9 /* UIKit.framework */; };
		0F217D43183DBC77000ED7E9 /* Foundation.framework in Frameworks */ = {isa = PBXBuildFile; fileRef = 0F217D42183DBC77000ED7E9 /* Foundation.framework */; };
		0F217D45183DBC77000ED7E9 /* CoreGraphics.framework in Frameworks */ = {isa = PBXBuildFile; fileRef = 0F217D44183DBC77000ED7E9 /* CoreGraphics.framework */; };
		0F217D4B183DBC77000ED7E9 /* InfoPlist.strings in Resources */ = {isa = PBXBuildFile; fileRef = 0F217D49183DBC77000ED7E9 /* InfoPlist.strings */; };
		0F217D4D183DBC77000ED7E9 /* main.m in Sources */ = {isa = PBXBuildFile; fileRef = 0F217D4C183DBC77000ED7E9 /* main.m */; };
		0F217D51183DBC77000ED7E9 /* AppDelegate.m in Sources */ = {isa = PBXBuildFile; fileRef = 0F217D50183DBC77000ED7E9 /* AppDelegate.m */; };
		0F217D53183DBC77000ED7E9 /* Default.png in Resources */ = {isa = PBXBuildFile; fileRef = 0F217D52183DBC77000ED7E9 /* Default.png */; };
		0F217D55183DBC77000ED7E9 /* Default@2x.png in Resources */ = {isa = PBXBuildFile; fileRef = 0F217D54183DBC77000ED7E9 /* Default@2x.png */; };
		0F217D57183DBC77000ED7E9 /* Default-568h@2x.png in Resources */ = {isa = PBXBuildFile; fileRef = 0F217D56183DBC77000ED7E9 /* Default-568h@2x.png */; };
/* End PBXBuildFile section */

/* Begin PBXFileReference section */
		0F217D3D183DBC77000ED7E9 /* 土豆网视频客户端.app */ = {isa = PBXFileReference; explicitFileType = wrapper.application; includeInIndex = 0; path = "土豆网视频客户端.app"; sourceTree = BUILT_PRODUCTS_DIR; };
		0F217D40183DBC77000ED7E9 /* UIKit.framework */ = {isa = PBXFileReference; lastKnownFileType = wrapper.framework; name = UIKit.framework; path = System/Library/Frameworks/UIKit.framework; sourceTree = SDKROOT; };
		0F217D42183DBC77000ED7E9 /* Foundation.framework */ = {isa = PBXFileReference; lastKnownFileType = wrapper.framework; name = Foundation.framework; path = System/Library/Frameworks/Foundation.framework; sourceTree = SDKROOT; };
		0F217D44183DBC77000ED7E9 /* CoreGraphics.framework */ = {isa = PBXFileReference; lastKnownFileType = wrapper.framework; name = CoreGraphics.framework; path = System/Library/Frameworks/CoreGraphics.framework; sourceTree = SDKROOT; };
		0F217D48183DBC77000ED7E9 /* 土豆网视频客户端-Info.plist */ = {isa = PBXFileReference; lastKnownFileType = text.plist.xml; path = "土豆网视频客户端-Info.plist"; sourceTree = "<group>"; };
		0F217D4A183DBC77000ED7E9 /* en */ = {isa = PBXFileReference; lastKnownFileType = text.plist.strings; name = en; path = en.lproj/InfoPlist.strings; sourceTree = "<group>"; };
		0F217D4C183DBC77000ED7E9 /* main.m */ = {isa = PBXFileReference; lastKnownFileType = sourcecode.c.objc; path = main.m; sourceTree = "<group>"; };
		0F217D4E183DBC77000ED7E9 /* 土豆网视频客户端-Prefix.pch */ = {isa = PBXFileReference; lastKnownFileType = sourcecode.c.h; path = "土豆网视频客户端-Prefix.pch"; sourceTree = "<group>"; };
		0F217D4F183DBC77000ED7E9 /* AppDelegate.h */ = {isa = PBXFileReference; lastKnownFileType = sourcecode.c.h; path = AppDelegate.h; sourceTree = "<group>"; };
		0F217D50183DBC77000ED7E9 /* AppDelegate.m */ = {isa = PBXFileReference; lastKnownFileType = sourcecode.c.objc; path = AppDelegate.m; sourceTree = "<group>"; };
		0F217D52183DBC77000ED7E9 /* Default.png */ = {isa = PBXFileReference; lastKnownFileType = image.png; path = Default.png; sourceTree = "<group>"; };
		0F217D54183DBC77000ED7E9 /* Default@2x.png */ = {isa = PBXFileReference; lastKnownFileType = image.png; path = "Default@2x.png"; sourceTree = "<group>"; };
		0F217D56183DBC77000ED7E9 /* Default-568h@2x.png */ = {isa = PBXFileReference; lastKnownFileType = image.png; path = "Default-568h@2x.png"; sourceTree = "<group>"; };
/* End PBXFileReference section */

/* Begin PBXFrameworksBuildPhase section */
		0F217D3A183DBC77000ED7E9 /* Frameworks */ = {
			isa = PBXFrameworksBuildPhase;
			buildActionMask = 2147483647;
			files = (
				0F217D41183DBC77000ED7E9 /* UIKit.framework in Frameworks */,
				0F217D43183DBC77000ED7E9 /* Foundation.framework in Frameworks */,
				0F217D45183DBC77000ED7E9 /* CoreGraphics.framework in Frameworks */,
			);
			runOnlyForDeploymentPostprocessing = 0;
		};
/* End PBXFrameworksBuildPhase section */

/* Begin PBXGroup section */
		0F217D34183DBC77000ED7E9 = {
			isa = PBXGroup;
			children = (
				0F217D46183DBC77000ED7E9 /* 土豆网视频客户端 */,
				0F217D3F183DBC77000ED7E9 /* Frameworks */,
				0F217D3E183DBC77000ED7E9 /* Products */,
			);
			sourceTree = "<group>";
		};
		0F217D3E183DBC77000ED7E9 /* Products */ = {
			isa = PBXGroup;
			children = (
				0F217D3D183DBC77000ED7E9 /* 土豆网视频客户端.app */,
			);
			name = Products;
			sourceTree = "<group>";
		};
		0F217D3F183DBC77000ED7E9 /* Frameworks */ = {
			isa = PBXGroup;
			children = (
				0F217D40183DBC77000ED7E9 /* UIKit.framework */,
				0F217D42183DBC77000ED7E9 /* Foundation.framework */,
				0F217D44183DBC77000ED7E9 /* CoreGraphics.framework */,
			);
			name = Frameworks;
			sourceTree = "<group>";
		};
		0F217D46183DBC77000ED7E9 /* 土豆网视频客户端 */ = {
			isa = PBXGroup;
			children = (
				0F217D4F183DBC77000ED7E9 /* AppDelegate.h */,
				0F217D50183DBC77000ED7E9 /* AppDelegate.m */,
				0F217D47183DBC77000ED7E9 /* Supporting Files */,
			);
			path = "土豆网视频客户端";
			sourceTree = "<group>";
		};
		0F217D47183DBC77000ED7E9 /* Supporting Files */ = {
			isa = PBXGroup;
			children = (
				0F217D48183DBC77000ED7E9 /* 土豆网视频客户端-Info.plist */,
				0F217D49183DBC77000ED7E9 /* InfoPlist.strings */,
				0F217D4C183DBC77000ED7E9 /* main.m */,
				0F217D4E183DBC77000ED7E9 /* 土豆网视频客户端-Prefix.pch */,
				0F217D52183DBC77000ED7E9 /* Default.png */,
				0F217D54183DBC77000ED7E9 /* Default@2x.png */,
				0F217D56183DBC77000ED7E9 /* Default-568h@2x.png */,
			);
			name = "Supporting Files";
			sourceTree = "<group>";
		};
/* End PBXGroup section */

/* Begin PBXNativeTarget section */
		0F217D3C183DBC77000ED7E9 /* 土豆网视频客户端 */ = {
			isa = PBXNativeTarget;
			buildConfigurationList = 0F217D5A183DBC77000ED7E9 /* Build configuration list for PBXNativeTarget "土豆网视频客户端" */;
			buildPhases = (
				0F217D39183DBC77000ED7E9 /* Sources */,
				0F217D3A183DBC77000ED7E9 /* Frameworks */,
				0F217D3B183DBC77000ED7E9 /* Resources */,
			);
			buildRules = (
			);
			dependencies = (
			);
			name = "土豆网视频客户端";
			productName = "土豆网视频客户端";
			productReference = 0F217D3D183DBC77000ED7E9 /* 土豆网视频客户端.app */;
			productType = "com.apple.product-type.application";
		};
/* End PBXNativeTarget section */

/* Begin PBXProject section */
		0F217D35183DBC77000ED7E9 /* Project object */ = {
			isa = PBXProject;
			attributes = {
				LastUpgradeCheck = 0460;
				ORGANIZATIONNAME = ibokan;
			};
			buildConfigurationList = 0F217D38183DBC77000ED7E9 /* Build configuration list for PBXProject "土豆网视频客户端" */;
			compatibilityVersion = "Xcode 3.2";
			developmentRegion = English;
			hasScannedForEncodings = 0;
			knownRegions = (
				en,
			);
			mainGroup = 0F217D34183DBC77000ED7E9;
			productRefGroup = 0F217D3E183DBC77000ED7E9 /* Products */;
			projectDirPath = "";
			projectRoot = "";
			targets = (
				0F217D3C183DBC77000ED7E9 /* 土豆网视频客户端 */,
			);
		};
/* End PBXProject section */

/* Begin PBXResourcesBuildPhase section */
		0F217D3B183DBC77000ED7E9 /* Resources */ = {
			isa = PBXResourcesBuildPhase;
			buildActionMask = 2147483647;
			files = (
				0F217D4B183DBC77000ED7E9 /* InfoPlist.strings in Resources */,
				0F217D53183DBC77000ED7E9 /* Default.png in Resources */,
				0F217D55183DBC77000ED7E9 /* Default@2x.png in Resources */,
				0F217D57183DBC77000ED7E9 /* Default-568h@2x.png in Resources */,
			);
			runOnlyForDeploymentPostprocessing = 0;
		};
/* End PBXResourcesBuildPhase section */

/* Begin PBXSourcesBuildPhase section */
		0F217D39183DBC77000ED7E9 /* Sources */ = {
			isa = PBXSourcesBuildPhase;
			buildActionMask = 2147483647;
			files = (
				0F217D4D183DBC77000ED7E9 /* main.m in Sources */,
				0F217D51183DBC77000ED7E9 /* AppDelegate.m in Sources */,
			);
			runOnlyForDeploymentPostprocessing = 0;
		};
/* End PBXSourcesBuildPhase section */

/* Begin PBXVariantGroup section */
		0F217D49183DBC77000ED7E9 /* InfoPlist.strings */ = {
			isa = PBXVariantGroup;
			children = (
				0F217D4A183DBC77000ED7E9 /* en */,
			);
			name = InfoPlist.strings;
			sourceTree = "<group>";
		};
/* End PBXVariantGroup section */

/* Begin XCBuildConfiguration section */
		0F217D58183DBC77000ED7E9 /* Debug */ = {
			isa = XCBuildConfiguration;
			buildSettings = {
				ALWAYS_SEARCH_USER_PATHS = NO;
				CLANG_CXX_LANGUAGE_STANDARD = "gnu++0x";
				CLANG_CXX_LIBRARY = "libc++";
				CLANG_WARN_CONSTANT_CONVERSION = YES;
				CLANG_WARN_EMPTY_BODY = YES;
				CLANG_WARN_ENUM_CONVERSION = YES;
				CLANG_WARN_INT_CONVERSION = YES;
				CLANG_WARN__DUPLICATE_METHOD_MATCH = YES;
				"CODE_SIGN_IDENTITY[sdk=iphoneos*]" = "iPhone Developer";
				COPY_PHASE_STRIP = NO;
				GCC_C_LANGUAGE_STANDARD = gnu99;
				GCC_DYNAMIC_NO_PIC = NO;
				GCC_OPTIMIZATION_LEVEL = 0;
				GCC_PREPROCESSOR_DEFINITIONS = (
					"DEBUG=1",
					"$(inherited)",
				);
				GCC_SYMBOLS_PRIVATE_EXTERN = NO;
				GCC_WARN_ABOUT_RETURN_TYPE = YES;
				GCC_WARN_UNINITIALIZED_AUTOS = YES;
				GCC_WARN_UNUSED_VARIABLE = YES;
				IPHONEOS_DEPLOYMENT_TARGET = 6.1;
				ONLY_ACTIVE_ARCH = YES;
				SDKROOT = iphoneos;
			};
			name = Debug;
		};
		0F217D59183DBC77000ED7E9 /* Release */ = {
			isa = XCBuildConfiguration;
			buildSettings = {
				ALWAYS_SEARCH_USER_PATHS = NO;
				CLANG_CXX_LANGUAGE_STANDARD = "gnu++0x";
				CLANG_CXX_LIBRARY = "libc++";
				CLANG_WARN_CONSTANT_CONVERSION = YES;
				CLANG_WARN_EMPTY_BODY = YES;
				CLANG_WARN_ENUM_CONVERSION = YES;
				CLANG_WARN_INT_CONVERSION = YES;
				CLANG_WARN__DUPLICATE_METHOD_MATCH = YES;
				"CODE_SIGN_IDENTITY[sdk=iphoneos*]" = "iPhone Developer";
				COPY_PHASE_STRIP = YES;
				GCC_C_LANGUAGE_STANDARD = gnu99;
				GCC_WARN_ABOUT_RETURN_TYPE = YES;
				GCC_WARN_UNINITIALIZED_AUTOS = YES;
				GCC_WARN_UNUSED_VARIABLE = YES;
				IPHONEOS_DEPLOYMENT_TARGET = 6.1;
				OTHER_CFLAGS = "-DNS_BLOCK_ASSERTIONS=1";
				SDKROOT = iphoneos;
				VALIDATE_PRODUCT = YES;
			};
			name = Release;
		};
		0F217D5B183DBC77000ED7E9 /* Debug */ = {
			isa = XCBuildConfiguration;
			buildSettings = {
				GCC_PRECOMPILE_PREFIX_HEADER = YES;
				GCC_PREFIX_HEADER = "土豆网视频客户端/土豆网视频客户端-Prefix.pch";
				INFOPLIST_FILE = "土豆网视频客户端/土豆网视频客户端-Info.plist";
				PRODUCT_NAME = "$(TARGET_NAME)";
				WRAPPER_EXTENSION = app;
			};
			name = Debug;
		};
		0F217D5C183DBC77000ED7E9 /* Release */ = {
			isa = XCBuildConfiguration;
			buildSettings = {
				GCC_PRECOMPILE_PREFIX_HEADER = YES;
				GCC_PREFIX_HEADER = "土豆网视频客户端/土豆网视频客户端-Prefix.pch";
				INFOPLIST_FILE = "土豆网视频客户端/土豆网视频客户端-Info.plist";
				PRODUCT_NAME = "$(TARGET_NAME)";
				WRAPPER_EXTENSION = app;
			};
			name = Release;
		};
/* End XCBuildConfiguration section */

/* Begin XCConfigurationList section */
		0F217D38183DBC77000ED7E9 /* Build configuration list for PBXProject "土豆网视频客户端" */ = {
			isa = XCConfigurationList;
			buildConfigurations = (
				0F217D58183DBC77000ED7E9 /* Debug */,
				0F217D59183DBC77000ED7E9 /* Release */,
			);
			defaultConfigurationIsVisible = 0;
			defaultConfigurationName = Release;
		};
		0F217D5A183DBC77000ED7E9 /* Build configuration list for PBXNativeTarget "土豆网视频客户端" */ = {
			isa = XCConfigurationList;
			buildConfigurations = (
				0F217D5B183DBC77000ED7E9 /* Debug */,
				0F217D5C183DBC77000ED7E9 /* Release */,
			);
			defaultConfigurationIsVisible = 0;
		};
/* End XCConfigurationList section */
	};
	rootObject = 0F217D35183DBC77000ED7E9 /* Project object */;
}
